
Microsoft Visual Studio Solution File, Format Version 12.00
# Visual Studio Version 16
VisualStudioVersion = 16.0.31129.286
MinimumVisualStudioVersion = 10.0.40219.1
Project("{9A19103F-16F7-4668-BE54-9A1E7A4F7556}") = "Ordering.Api", "Ordering.Api\Ordering.Api.csproj", "{06F4F263-1BC1-45D1-A192-9E1772209CAE}"
EndProject
Project("{9A19103F-16F7-4668-BE54-9A1E7A4F7556}") = "Ordering.Domain", "Ordering.Domain\Ordering.Domain.csproj", "{766D2A62-46A1-4A65-A96E-A32D52BCBCF4}"
EndProject
Project("{2150E333-8FDC-42A3-9474-1A3956D46DE8}") = "EventBus", "EventBus", "{32D256A8-02B6-40F7-860E-E57ABE17EA1D}"
EndProject
Project("{FAE04EC0-301F-11D3-BF4B-00C04F79EFBC}") = "EventBus", "EventBus\EventBus.csproj", "{43784644-2CE7-43BD-ABE0-475A8453F203}"
EndProject
Project("{FAE04EC0-301F-11D3-BF4B-00C04F79EFBC}") = "IntegrationEventLogEF", "IntegrationEventLogEF\IntegrationEventLogEF.csproj", "{F4737CA4-A990-486A-9C10-CE39A5E06019}"
EndProject
Project("{FAE04EC0-301F-11D3-BF4B-00C04F79EFBC}") = "EventBusRabbitMQ", "EventBusRabbitMQ\EventBusRabbitMQ.csproj", "{6660A6B2-1044-4E91-8176-B6BEDDB26482}"
EndProject
Project("{FAE04EC0-301F-11D3-BF4B-00C04F79EFBC}") = "Ordering.Infrastructure.EF", "Ordering.Infrastructure\Ordering.Infrastructure.EF.csproj", "{B19E98A9-A283-41EE-AB16-E72DEDB21E9F}"
EndProject
Global
	GlobalSection(SolutionConfigurationPlatforms) = preSolution
		Debug|Any CPU = Debug|Any CPU
		Release|Any CPU = Release|Any CPU
	EndGlobalSection
	GlobalSection(ProjectConfigurationPlatforms) = postSolution
		{06F4F263-1BC1-45D1-A192-9E1772209CAE}.Debug|Any CPU.ActiveCfg = Debug|Any CPU
		{06F4F263-1BC1-45D1-A192-9E1772209CAE}.Debug|Any CPU.Build.0 = Debug|Any CPU
		{06F4F263-1BC1-45D1-A192-9E1772209CAE}.Release|Any CPU.ActiveCfg = Release|Any CPU
		{06F4F263-1BC1-45D1-A192-9E1772209CAE}.Release|Any CPU.Build.0 = Release|Any CPU
		{766D2A62-46A1-4A65-A96E-A32D52BCBCF4}.Debug|Any CPU.ActiveCfg = Debug|Any CPU
		{766D2A62-46A1-4A65-A96E-A32D52BCBCF4}.Debug|Any CPU.Build.0 = Debug|Any CPU
		{766D2A62-46A1-4A65-A96E-A32D52BCBCF4}.Release|Any CPU.ActiveCfg = Release|Any CPU
		{766D2A62-46A1-4A65-A96E-A32D52BCBCF4}.Release|Any CPU.Build.0 = Release|Any CPU
		{43784644-2CE7-43BD-ABE0-475A8453F203}.Debug|Any CPU.ActiveCfg = Debug|Any CPU
		{43784644-2CE7-43BD-ABE0-475A8453F203}.Debug|Any CPU.Build.0 = Debug|Any CPU
		{43784644-2CE7-43BD-ABE0-475A8453F203}.Release|Any CPU.ActiveCfg = Release|Any CPU
		{43784644-2CE7-43BD-ABE0-475A8453F203}.Release|Any CPU.Build.0 = Release|Any CPU
		{F4737CA4-A990-486A-9C10-CE39A5E06019}.Debug|Any CPU.ActiveCfg = Debug|Any CPU
		{F4737CA4-A990-486A-9C10-CE39A5E06019}.Debug|Any CPU.Build.0 = Debug|Any CPU
		{F4737CA4-A990-486A-9C10-CE39A5E06019}.Release|Any CPU.ActiveCfg = Release|Any CPU
		{F4737CA4-A990-486A-9C10-CE39A5E06019}.Release|Any CPU.Build.0 = Release|Any CPU
		{6660A6B2-1044-4E91-8176-B6BEDDB26482}.Debug|Any CPU.ActiveCfg = Debug|Any CPU
		{6660A6B2-1044-4E91-8176-B6BEDDB26482}.Debug|Any CPU.Build.0 = Debug|Any CPU
		{6660A6B2-1044-4E91-8176-B6BEDDB26482}.Release|Any CPU.ActiveCfg = Release|Any CPU
		{6660A6B2-1044-4E91-8176-B6BEDDB26482}.Release|Any CPU.Build.0 = Release|Any CPU
		{B19E98A9-A283-41EE-AB16-E72DEDB21E9F}.Debug|Any CPU.ActiveCfg = Debug|Any CPU
		{B19E98A9-A283-41EE-AB16-E72DEDB21E9F}.Debug|Any CPU.Build.0 = Debug|Any CPU
		{B19E98A9-A283-41EE-AB16-E72DEDB21E9F}.Release|Any CPU.ActiveCfg = Release|Any CPU
		{B19E98A9-A283-41EE-AB16-E72DEDB21E9F}.Release|Any CPU.Build.0 = Release|Any CPU
	EndGlobalSection
	GlobalSection(SolutionProperties) = preSolution
		HideSolutionNode = FALSE
	EndGlobalSection
	GlobalSection(NestedProjects) = preSolution
		{43784644-2CE7-43BD-ABE0-475A8453F203} = {32D256A8-02B6-40F7-860E-E57ABE17EA1D}
		{F4737CA4-A990-486A-9C10-CE39A5E06019} = {32D256A8-02B6-40F7-860E-E57ABE17EA1D}
		{6660A6B2-1044-4E91-8176-B6BEDDB26482} = {32D256A8-02B6-40F7-860E-E57ABE17EA1D}
	EndGlobalSection
	GlobalSection(ExtensibilityGlobals) = postSolution
		SolutionGuid = {6DECEACA-1603-450A-9436-821895A16B68}
	EndGlobalSection
EndGlobal
